
Microsoft Visual Studio Solution File, Format Version 12.00
# Visual Studio Version 16
VisualStudioVersion = 16.0.28729.10
MinimumVisualStudioVersion = 10.0.40219.1
Project("{FAE04EC0-301F-11D3-BF4B-00C04F79EFBC}") = "Euclid", "Euclid\Euclid.csproj", "{C685AEF9-4E07-40C7-AC2F-FF66C8A3A851}"
EndProject
Project("{FAE04EC0-301F-11D3-BF4B-00C04F79EFBC}") = "EuclidTests", "EuclidTests\EuclidTests.csproj", "{D7CDE632-63CA-4E34-A2D2-46DC4D982EDC}"
EndProject
Project("{FAE04EC0-301F-11D3-BF4B-00C04F79EFBC}") = "EuclidBenchmark", "EuclidBenchmark\EuclidBenchmark.csproj", "{AC1CEC78-6AB6-4D6E-948A-26FFDDFAAEC5}"
EndProject
Project("{9A19103F-16F7-4668-BE54-9A1E7A4F7556}") = "Benchmarking", "Benchmarking\Benchmarking.csproj", "{C6DA9C79-9068-4FC3-A9CF-570238E22F4B}"
EndProject
Global
	GlobalSection(SolutionConfigurationPlatforms) = preSolution
		Debug|Any CPU = Debug|Any CPU
		Release DEMO|Any CPU = Release DEMO|Any CPU
		Release|Any CPU = Release|Any CPU
	EndGlobalSection
	GlobalSection(ProjectConfigurationPlatforms) = postSolution
		{C685AEF9-4E07-40C7-AC2F-FF66C8A3A851}.Debug|Any CPU.ActiveCfg = Debug|Any CPU
		{C685AEF9-4E07-40C7-AC2F-FF66C8A3A851}.Debug|Any CPU.Build.0 = Debug|Any CPU
		{C685AEF9-4E07-40C7-AC2F-FF66C8A3A851}.Release DEMO|Any CPU.ActiveCfg = Release DEMO|Any CPU
		{C685AEF9-4E07-40C7-AC2F-FF66C8A3A851}.Release DEMO|Any CPU.Build.0 = Release DEMO|Any CPU
		{C685AEF9-4E07-40C7-AC2F-FF66C8A3A851}.Release|Any CPU.ActiveCfg = Release|Any CPU
		{C685AEF9-4E07-40C7-AC2F-FF66C8A3A851}.Release|Any CPU.Build.0 = Release|Any CPU
		{D7CDE632-63CA-4E34-A2D2-46DC4D982EDC}.Debug|Any CPU.ActiveCfg = Debug|Any CPU
		{D7CDE632-63CA-4E34-A2D2-46DC4D982EDC}.Debug|Any CPU.Build.0 = Debug|Any CPU
		{D7CDE632-63CA-4E34-A2D2-46DC4D982EDC}.Release DEMO|Any CPU.ActiveCfg = Release|Any CPU
		{D7CDE632-63CA-4E34-A2D2-46DC4D982EDC}.Release DEMO|Any CPU.Build.0 = Release|Any CPU
		{D7CDE632-63CA-4E34-A2D2-46DC4D982EDC}.Release|Any CPU.ActiveCfg = Release|Any CPU
		{D7CDE632-63CA-4E34-A2D2-46DC4D982EDC}.Release|Any CPU.Build.0 = Release|Any CPU
		{AC1CEC78-6AB6-4D6E-948A-26FFDDFAAEC5}.Debug|Any CPU.ActiveCfg = Debug|Any CPU
		{AC1CEC78-6AB6-4D6E-948A-26FFDDFAAEC5}.Debug|Any CPU.Build.0 = Debug|Any CPU
		{AC1CEC78-6AB6-4D6E-948A-26FFDDFAAEC5}.Release DEMO|Any CPU.ActiveCfg = Release|Any CPU
		{AC1CEC78-6AB6-4D6E-948A-26FFDDFAAEC5}.Release DEMO|Any CPU.Build.0 = Release|Any CPU
		{AC1CEC78-6AB6-4D6E-948A-26FFDDFAAEC5}.Release|Any CPU.ActiveCfg = Release|Any CPU
		{AC1CEC78-6AB6-4D6E-948A-26FFDDFAAEC5}.Release|Any CPU.Build.0 = Release|Any CPU
		{C6DA9C79-9068-4FC3-A9CF-570238E22F4B}.Debug|Any CPU.ActiveCfg = Debug|Any CPU
		{C6DA9C79-9068-4FC3-A9CF-570238E22F4B}.Debug|Any CPU.Build.0 = Debug|Any CPU
		{C6DA9C79-9068-4FC3-A9CF-570238E22F4B}.Release DEMO|Any CPU.ActiveCfg = Release DEMO|Any CPU
		{C6DA9C79-9068-4FC3-A9CF-570238E22F4B}.Release DEMO|Any CPU.Build.0 = Release DEMO|Any CPU
		{C6DA9C79-9068-4FC3-A9CF-570238E22F4B}.Release|Any CPU.ActiveCfg = Release|Any CPU
		{C6DA9C79-9068-4FC3-A9CF-570238E22F4B}.Release|Any CPU.Build.0 = Release|Any CPU
	EndGlobalSection
	GlobalSection(SolutionProperties) = preSolution
		HideSolutionNode = FALSE
	EndGlobalSection
	GlobalSection(ExtensibilityGlobals) = postSolution
		SolutionGuid = {9E690EBD-3189-4F73-B752-6CB6D65D2661}
	EndGlobalSection
EndGlobal
