
Microsoft Visual Studio Solution File, Format Version 12.00
# Visual Studio 14
VisualStudioVersion = 14.0.23107.0
MinimumVisualStudioVersion = 10.0.40219.1
Project("{FAE04EC0-301F-11D3-BF4B-00C04F79EFBC}") = "Euclid", "Euclid\Euclid.csproj", "{C685AEF9-4E07-40C7-AC2F-FF66C8A3A851}"
EndProject
Project("{FAE04EC0-301F-11D3-BF4B-00C04F79EFBC}") = "TestEuclid", "TestEuclid\TestEuclid.csproj", "{AA3A2072-74CB-4C52-9443-179C9A24D502}"
	ProjectSection(ProjectDependencies) = postProject
		{C685AEF9-4E07-40C7-AC2F-FF66C8A3A851} = {C685AEF9-4E07-40C7-AC2F-FF66C8A3A851}
	EndProjectSection
EndProject
Global
	GlobalSection(SolutionConfigurationPlatforms) = preSolution
		Debug|Any CPU = Debug|Any CPU
		Release|Any CPU = Release|Any CPU
	EndGlobalSection
	GlobalSection(ProjectConfigurationPlatforms) = postSolution
		{C685AEF9-4E07-40C7-AC2F-FF66C8A3A851}.Debug|Any CPU.ActiveCfg = Debug|Any CPU
		{C685AEF9-4E07-40C7-AC2F-FF66C8A3A851}.Debug|Any CPU.Build.0 = Debug|Any CPU
		{C685AEF9-4E07-40C7-AC2F-FF66C8A3A851}.Release|Any CPU.ActiveCfg = Release|Any CPU
		{C685AEF9-4E07-40C7-AC2F-FF66C8A3A851}.Release|Any CPU.Build.0 = Release|Any CPU
		{AA3A2072-74CB-4C52-9443-179C9A24D502}.Debug|Any CPU.ActiveCfg = Debug|Any CPU
		{AA3A2072-74CB-4C52-9443-179C9A24D502}.Debug|Any CPU.Build.0 = Debug|Any CPU
		{AA3A2072-74CB-4C52-9443-179C9A24D502}.Release|Any CPU.ActiveCfg = Release|Any CPU
		{AA3A2072-74CB-4C52-9443-179C9A24D502}.Release|Any CPU.Build.0 = Release|Any CPU
	EndGlobalSection
	GlobalSection(SolutionProperties) = preSolution
		HideSolutionNode = FALSE
	EndGlobalSection
EndGlobal
